
Microsoft Visual Studio Solution File, Format Version 11.00
# Visual Studio 2010
Project("{F184B08F-C81C-45F6-A57F-5ABD9991F28F}") = "CWcheat Database Editor", "CWcheat Database Editor.vbproj", "{202D3F54-B339-4919-A6FE-4995BE78F0AF}"
EndProject
Global
	GlobalSection(SolutionConfigurationPlatforms) = preSolution
		Debug|Any CPU = Debug|Any CPU
		Release|Any CPU = Release|Any CPU
	EndGlobalSection
	GlobalSection(ProjectConfigurationPlatforms) = postSolution
		{202D3F54-B339-4919-A6FE-4995BE78F0AF}.Debug|Any CPU.ActiveCfg = Debug|Any CPU
		{202D3F54-B339-4919-A6FE-4995BE78F0AF}.Debug|Any CPU.Build.0 = Debug|Any CPU
		{202D3F54-B339-4919-A6FE-4995BE78F0AF}.Release|Any CPU.ActiveCfg = Release|Any CPU
		{202D3F54-B339-4919-A6FE-4995BE78F0AF}.Release|Any CPU.Build.0 = Release|Any CPU
	EndGlobalSection
	GlobalSection(SolutionProperties) = preSolution
		HideSolutionNode = FALSE
	EndGlobalSection
EndGlobal
